github.com/ardanlabs/conf/v3 v3.4.0 h1:Qy7/doJjhsv7Lvzqd9tbvH8fAZ9jzqKtwnwcmZ+sxGs=
github.com/ardanlabs/conf/v3 v3.4.0/go.mod h1:OIi6NK95fj8jKFPdZ/UmcPlY37JBg99hdP9o5XmNK9c=
github.com/google/uuid v1.6.0 h1:NIvaJDMOsjHA8n1jAhLSgzrAzy1Hgr+hNrb57e+94F0=
github.com/google/uuid v1.6.0/go.mod h1:TIyPZe4MgqvfeYDBFedMoGGpEw/LqOeaOT+nhxU+yHo=
